// !$*UTF8*$!
{
	archiveVersion = 1;
	classes = {
	};
	objectVersion = 46;
	objects = {

/* Begin PBXBuildFile section */
		847325F81BB0AE0700C11873 /* AppDelegate.swift in Sources */ = {isa = PBXBuildFile; fileRef = 847325F71BB0AE0700C11873 /* AppDelegate.swift */; };
		847325FA1BB0AE0700C11873 /* ViewController.swift in Sources */ = {isa = PBXBuildFile; fileRef = 847325F91BB0AE0700C11873 /* ViewController.swift */; };
		847325FF1BB0AE0700C11873 /* Assets.xcassets in Resources */ = {isa = PBXBuildFile; fileRef = 847325FE1BB0AE0700C11873 /* Assets.xcassets */; };
		847326021BB0AE0700C11873 /* LaunchScreen.storyboard in Resources */ = {isa = PBXBuildFile; fileRef = 847326001BB0AE0700C11873 /* LaunchScreen.storyboard */; };
		8473260D1BB0AE0700C11873 /* TwoterTests.swift in Sources */ = {isa = PBXBuildFile; fileRef = 8473260C1BB0AE0700C11873 /* TwoterTests.swift */; };
		847326181BB0AE0800C11873 /* TwoterUITests.swift in Sources */ = {isa = PBXBuildFile; fileRef = 847326171BB0AE0800C11873 /* TwoterUITests.swift */; };
/* End PBXBuildFile section */

/* Begin PBXContainerItemProxy section */
		847326091BB0AE0700C11873 /* PBXContainerItemProxy */ = {
			isa = PBXContainerItemProxy;
			containerPortal = 847325EC1BB0AE0700C11873 /* Project object */;
			proxyType = 1;
			remoteGlobalIDString = 847325F31BB0AE0700C11873;
			remoteInfo = Twoter;
		};
		847326141BB0AE0700C11873 /* PBXContainerItemProxy */ = {
			isa = PBXContainerItemProxy;
			containerPortal = 847325EC1BB0AE0700C11873 /* Project object */;
			proxyType = 1;
			remoteGlobalIDString = 847325F31BB0AE0700C11873;
			remoteInfo = Twoter;
		};
/* End PBXContainerItemProxy section */

/* Begin PBXFileReference section */
		847325F41BB0AE0700C11873 /* Twoter.app */ = {isa = PBXFileReference; explicitFileType = wrapper.application; includeInIndex = 0; path = Twoter.app; sourceTree = BUILT_PRODUCTS_DIR; };
		847325F71BB0AE0700C11873 /* AppDelegate.swift */ = {isa = PBXFileReference; lastKnownFileType = sourcecode.swift; path = AppDelegate.swift; sourceTree = "<group>"; };
		847325F91BB0AE0700C11873 /* ViewController.swift */ = {isa = PBXFileReference; lastKnownFileType = sourcecode.swift; path = ViewController.swift; sourceTree = "<group>"; };
		847325FE1BB0AE0700C11873 /* Assets.xcassets */ = {isa = PBXFileReference; lastKnownFileType = folder.assetcatalog; path = Assets.xcassets; sourceTree = "<group>"; };
		847326011BB0AE0700C11873 /* Base */ = {isa = PBXFileReference; lastKnownFileType = file.storyboard; name = Base; path = Base.lproj/LaunchScreen.storyboard; sourceTree = "<group>"; };
		847326031BB0AE0700C11873 /* Info.plist */ = {isa = PBXFileReference; lastKnownFileType = text.plist.xml; path = Info.plist; sourceTree = "<group>"; };
		847326081BB0AE0700C11873 /* TwoterTests.xctest */ = {isa = PBXFileReference; explicitFileType = wrapper.cfbundle; includeInIndex = 0; path = TwoterTests.xctest; sourceTree = BUILT_PRODUCTS_DIR; };
		8473260C1BB0AE0700C11873 /* TwoterTests.swift */ = {isa = PBXFileReference; lastKnownFileType = sourcecode.swift; path = TwoterTests.swift; sourceTree = "<group>"; };
		8473260E1BB0AE0700C11873 /* Info.plist */ = {isa = PBXFileReference; lastKnownFileType = text.plist.xml; path = Info.plist; sourceTree = "<group>"; };
		847326131BB0AE0700C11873 /* TwoterUITests.xctest */ = {isa = PBXFileReference; explicitFileType = wrapper.cfbundle; includeInIndex = 0; path = TwoterUITests.xctest; sourceTree = BUILT_PRODUCTS_DIR; };
		847326171BB0AE0800C11873 /* TwoterUITests.swift */ = {isa = PBXFileReference; lastKnownFileType = sourcecode.swift; path = TwoterUITests.swift; sourceTree = "<group>"; };
		847326191BB0AE0800C11873 /* Info.plist */ = {isa = PBXFileReference; lastKnownFileType = text.plist.xml; path = Info.plist; sourceTree = "<group>"; };
/* End PBXFileReference section */

/* Begin PBXFrameworksBuildPhase section */
		847325F11BB0AE0700C11873 /* Frameworks */ = {
			isa = PBXFrameworksBuildPhase;
			buildActionMask = 2147483647;
			files = (
			);
			runOnlyForDeploymentPostprocessing = 0;
		};
		847326051BB0AE0700C11873 /* Frameworks */ = {
			isa = PBXFrameworksBuildPhase;
			buildActionMask = 2147483647;
			files = (
			);
			runOnlyForDeploymentPostprocessing = 0;
		};
		847326101BB0AE0700C11873 /* Frameworks */ = {
			isa = PBXFrameworksBuildPhase;
			buildActionMask = 2147483647;
			files = (
			);
			runOnlyForDeploymentPostprocessing = 0;
		};
/* End PBXFrameworksBuildPhase section */

/* Begin PBXGroup section */
		847325EB1BB0AE0700C11873 = {
			isa = PBXGroup;
			children = (
				847325F61BB0AE0700C11873 /* Twoter */,
				8473260B1BB0AE0700C11873 /* TwoterTests */,
				847326161BB0AE0700C11873 /* TwoterUITests */,
				847325F51BB0AE0700C11873 /* Products */,
			);
			sourceTree = "<group>";
		};
		847325F51BB0AE0700C11873 /* Products */ = {
			isa = PBXGroup;
			children = (
				847325F41BB0AE0700C11873 /* Twoter.app */,
				847326081BB0AE0700C11873 /* TwoterTests.xctest */,
				847326131BB0AE0700C11873 /* TwoterUITests.xctest */,
			);
			name = Products;
			sourceTree = "<group>";
		};
		847325F61BB0AE0700C11873 /* Twoter */ = {
			isa = PBXGroup;
			children = (
				847325F71BB0AE0700C11873 /* AppDelegate.swift */,
				847325F91BB0AE0700C11873 /* ViewController.swift */,
				847325FE1BB0AE0700C11873 /* Assets.xcassets */,
				847326001BB0AE0700C11873 /* LaunchScreen.storyboard */,
				847326031BB0AE0700C11873 /* Info.plist */,
			);
			path = Twoter;
			sourceTree = "<group>";
		};
		8473260B1BB0AE0700C11873 /* TwoterTests */ = {
			isa = PBXGroup;
			children = (
				8473260C1BB0AE0700C11873 /* TwoterTests.swift */,
				8473260E1BB0AE0700C11873 /* Info.plist */,
			);
			path = TwoterTests;
			sourceTree = "<group>";
		};
		847326161BB0AE0700C11873 /* TwoterUITests */ = {
			isa = PBXGroup;
			children = (
				847326171BB0AE0800C11873 /* TwoterUITests.swift */,
				847326191BB0AE0800C11873 /* Info.plist */,
			);
			path = TwoterUITests;
			sourceTree = "<group>";
		};
/* End PBXGroup section */

/* Begin PBXNativeTarget section */
		847325F31BB0AE0700C11873 /* Twoter */ = {
			isa = PBXNativeTarget;
			buildConfigurationList = 8473261C1BB0AE0800C11873 /* Build configuration list for PBXNativeTarget "Twoter" */;
			buildPhases = (
				847325F01BB0AE0700C11873 /* Sources */,
				847325F11BB0AE0700C11873 /* Frameworks */,
				847325F21BB0AE0700C11873 /* Resources */,
			);
			buildRules = (
			);
			dependencies = (
			);
			name = Twoter;
			productName = Twoter;
			productReference = 847325F41BB0AE0700C11873 /* Twoter.app */;
			productType = "com.apple.product-type.application";
		};
		847326071BB0AE0700C11873 /* TwoterTests */ = {
			isa = PBXNativeTarget;
			buildConfigurationList = 8473261F1BB0AE0800C11873 /* Build configuration list for PBXNativeTarget "TwoterTests" */;
			buildPhases = (
				847326041BB0AE0700C11873 /* Sources */,
				847326051BB0AE0700C11873 /* Frameworks */,
				847326061BB0AE0700C11873 /* Resources */,
			);
			buildRules = (
			);
			dependencies = (
				8473260A1BB0AE0700C11873 /* PBXTargetDependency */,
			);
			name = TwoterTests;
			productName = TwoterTests;
			productReference = 847326081BB0AE0700C11873 /* TwoterTests.xctest */;
			productType = "com.apple.product-type.bundle.unit-test";
		};
		847326121BB0AE0700C11873 /* TwoterUITests */ = {
			isa = PBXNativeTarget;
			buildConfigurationList = 847326221BB0AE0800C11873 /* Build configuration list for PBXNativeTarget "TwoterUITests" */;
			buildPhases = (
				8473260F1BB0AE0700C11873 /* Sources */,
				847326101BB0AE0700C11873 /* Frameworks */,
				847326111BB0AE0700C11873 /* Resources */,
			);
			buildRules = (
			);
			dependencies = (
				847326151BB0AE0700C11873 /* PBXTargetDependency */,
			);
			name = TwoterUITests;
			productName = TwoterUITests;
			productReference = 847326131BB0AE0700C11873 /* TwoterUITests.xctest */;
			productType = "com.apple.product-type.bundle.ui-testing";
		};
/* End PBXNativeTarget section */

/* Begin PBXProject section */
		847325EC1BB0AE0700C11873 /* Project object */ = {
			isa = PBXProject;
			attributes = {
				LastUpgradeCheck = 0700;
				ORGANIZATIONNAME = "Mystery Command";
				TargetAttributes = {
					847325F31BB0AE0700C11873 = {
						CreatedOnToolsVersion = 7.0;
					};
					847326071BB0AE0700C11873 = {
						CreatedOnToolsVersion = 7.0;
						TestTargetID = 847325F31BB0AE0700C11873;
					};
					847326121BB0AE0700C11873 = {
						CreatedOnToolsVersion = 7.0;
						TestTargetID = 847325F31BB0AE0700C11873;
					};
				};
			};
			buildConfigurationList = 847325EF1BB0AE0700C11873 /* Build configuration list for PBXProject "Twoter" */;
			compatibilityVersion = "Xcode 3.2";
			developmentRegion = English;
			hasScannedForEncodings = 0;
			knownRegions = (
				en,
				Base,
			);
			mainGroup = 847325EB1BB0AE0700C11873;
			productRefGroup = 847325F51BB0AE0700C11873 /* Products */;
			projectDirPath = "";
			projectRoot = "";
			targets = (
				847325F31BB0AE0700C11873 /* Twoter */,
				847326071BB0AE0700C11873 /* TwoterTests */,
				847326121BB0AE0700C11873 /* TwoterUITests */,
			);
		};
/* End PBXProject section */

/* Begin PBXResourcesBuildPhase section */
		847325F21BB0AE0700C11873 /* Resources */ = {
			isa = PBXResourcesBuildPhase;
			buildActionMask = 2147483647;
			files = (
				847326021BB0AE0700C11873 /* LaunchScreen.storyboard in Resources */,
				847325FF1BB0AE0700C11873 /* Assets.xcassets in Resources */,
			);
			runOnlyForDeploymentPostprocessing = 0;
		};
		847326061BB0AE0700C11873 /* Resources */ = {
			isa = PBXResourcesBuildPhase;
			buildActionMask = 2147483647;
			files = (
			);
			runOnlyForDeploymentPostprocessing = 0;
		};
		847326111BB0AE0700C11873 /* Resources */ = {
			isa = PBXResourcesBuildPhase;
			buildActionMask = 2147483647;
			files = (
			);
			runOnlyForDeploymentPostprocessing = 0;
		};
/* End PBXResourcesBuildPhase section */

/* Begin PBXSourcesBuildPhase section */
		847325F01BB0AE0700C11873 /* Sources */ = {
			isa = PBXSourcesBuildPhase;
			buildActionMask = 2147483647;
			files = (
				847325FA1BB0AE0700C11873 /* ViewController.swift in Sources */,
				847325F81BB0AE0700C11873 /* AppDelegate.swift in Sources */,
			);
			runOnlyForDeploymentPostprocessing = 0;
		};
		847326041BB0AE0700C11873 /* Sources */ = {
			isa = PBXSourcesBuildPhase;
			buildActionMask = 2147483647;
			files = (
				8473260D1BB0AE0700C11873 /* TwoterTests.swift in Sources */,
			);
			runOnlyForDeploymentPostprocessing = 0;
		};
		8473260F1BB0AE0700C11873 /* Sources */ = {
			isa = PBXSourcesBuildPhase;
			buildActionMask = 2147483647;
			files = (
				847326181BB0AE0800C11873 /* TwoterUITests.swift in Sources */,
			);
			runOnlyForDeploymentPostprocessing = 0;
		};
/* End PBXSourcesBuildPhase section */

/* Begin PBXTargetDependency section */
		8473260A1BB0AE0700C11873 /* PBXTargetDependency */ = {
			isa = PBXTargetDependency;
			target = 847325F31BB0AE0700C11873 /* Twoter */;
			targetProxy = 847326091BB0AE0700C11873 /* PBXContainerItemProxy */;
		};
		847326151BB0AE0700C11873 /* PBXTargetDependency */ = {
			isa = PBXTargetDependency;
			target = 847325F31BB0AE0700C11873 /* Twoter */;
			targetProxy = 847326141BB0AE0700C11873 /* PBXContainerItemProxy */;
		};
/* End PBXTargetDependency section */

/* Begin PBXVariantGroup section */
		847326001BB0AE0700C11873 /* LaunchScreen.storyboard */ = {
			isa = PBXVariantGroup;
			children = (
				847326011BB0AE0700C11873 /* Base */,
			);
			name = LaunchScreen.storyboard;
			sourceTree = "<group>";
		};
/* End PBXVariantGroup section */

/* Begin XCBuildConfiguration section */
		8473261A1BB0AE0800C11873 /* Debug */ = {
			isa = XCBuildConfiguration;
			buildSettings = {
				ALWAYS_SEARCH_USER_PATHS = NO;
				CLANG_CXX_LANGUAGE_STANDARD = "gnu++0x";
				CLANG_CXX_LIBRARY = "libc++";
				CLANG_ENABLE_MODULES = YES;
				CLANG_ENABLE_OBJC_ARC = YES;
				CLANG_WARN_BOOL_CONVERSION = YES;
				CLANG_WARN_CONSTANT_CONVERSION = YES;
				CLANG_WARN_DIRECT_OBJC_ISA_USAGE = YES_ERROR;
				CLANG_WARN_EMPTY_BODY = YES;
				CLANG_WARN_ENUM_CONVERSION = YES;
				CLANG_WARN_INT_CONVERSION = YES;
				CLANG_WARN_OBJC_ROOT_CLASS = YES_ERROR;
				CLANG_WARN_UNREACHABLE_CODE = YES;
				CLANG_WARN__DUPLICATE_METHOD_MATCH = YES;
				"CODE_SIGN_IDENTITY[sdk=iphoneos*]" = "iPhone Developer";
				COPY_PHASE_STRIP = NO;
				DEBUG_INFORMATION_FORMAT = dwarf;
				ENABLE_STRICT_OBJC_MSGSEND = YES;
				ENABLE_TESTABILITY = YES;
				GCC_C_LANGUAGE_STANDARD = gnu99;
				GCC_DYNAMIC_NO_PIC = NO;
				GCC_NO_COMMON_BLOCKS = YES;
				GCC_OPTIMIZATION_LEVEL = 0;
				GCC_PREPROCESSOR_DEFINITIONS = (
					"DEBUG=1",
					"$(inherited)",
				);
				GCC_WARN_64_TO_32_BIT_CONVERSION = YES;
				GCC_WARN_ABOUT_RETURN_TYPE = YES_ERROR;
				GCC_WARN_UNDECLARED_SELECTOR = YES;
				GCC_WARN_UNINITIALIZED_AUTOS = YES_AGGRESSIVE;
				GCC_WARN_UNUSED_FUNCTION = YES;
				GCC_WARN_UNUSED_VARIABLE = YES;
				IPHONEOS_DEPLOYMENT_TARGET = 9.0;
				MTL_ENABLE_DEBUG_INFO = YES;
				ONLY_ACTIVE_ARCH = YES;
				SDKROOT = iphoneos;
				SWIFT_OPTIMIZATION_LEVEL = "-Onone";
			};
			name = Debug;
		};
		8473261B1BB0AE0800C11873 /* Release */ = {
			isa = XCBuildConfiguration;
			buildSettings = {
				ALWAYS_SEARCH_USER_PATHS = NO;
				CLANG_CXX_LANGUAGE_STANDARD = "gnu++0x";
				CLANG_CXX_LIBRARY = "libc++";
				CLANG_ENABLE_MODULES = YES;
				CLANG_ENABLE_OBJC_ARC = YES;
				CLANG_WARN_BOOL_CONVERSION = YES;
				CLANG_WARN_CONSTANT_CONVERSION = YES;
				CLANG_WARN_DIRECT_OBJC_ISA_USAGE = YES_ERROR;
				CLANG_WARN_EMPTY_BODY = YES;
				CLANG_WARN_ENUM_CONVERSION = YES;
				CLANG_WARN_INT_CONVERSION = YES;
				CLANG_WARN_OBJC_ROOT_CLASS = YES_ERROR;
				CLANG_WARN_UNREACHABLE_CODE = YES;
				CLANG_WARN__DUPLICATE_METHOD_MATCH = YES;
				"CODE_SIGN_IDENTITY[sdk=iphoneos*]" = "iPhone Developer";
				COPY_PHASE_STRIP = NO;
				DEBUG_INFORMATION_FORMAT = "dwarf-with-dsym";
				ENABLE_NS_ASSERTIONS = NO;
				ENABLE_STRICT_OBJC_MSGSEND = YES;
				GCC_C_LANGUAGE_STANDARD = gnu99;
				GCC_NO_COMMON_BLOCKS = YES;
				GCC_WARN_64_TO_32_BIT_CONVERSION = YES;
				GCC_WARN_ABOUT_RETURN_TYPE = YES_ERROR;
				GCC_WARN_UNDECLARED_SELECTOR = YES;
				GCC_WARN_UNINITIALIZED_AUTOS = YES_AGGRESSIVE;
				GCC_WARN_UNUSED_FUNCTION = YES;
				GCC_WARN_UNUSED_VARIABLE = YES;
				IPHONEOS_DEPLOYMENT_TARGET = 9.0;
				MTL_ENABLE_DEBUG_INFO = NO;
				SDKROOT = iphoneos;
				VALIDATE_PRODUCT = YES;
			};
			name = Release;
		};
		8473261D1BB0AE0800C11873 /* Debug */ = {
			isa = XCBuildConfiguration;
			buildSettings = {
				ASSETCATALOG_COMPILER_APPICON_NAME = AppIcon;
				INFOPLIST_FILE = Twoter/Info.plist;
				LD_RUNPATH_SEARCH_PATHS = "$(inherited) @executable_path/Frameworks";
				PRODUCT_BUNDLE_IDENTIFIER = com.mysterycommand.Twoter;
				PRODUCT_NAME = "$(TARGET_NAME)";
			};
			name = Debug;
		};
		8473261E1BB0AE0800C11873 /* Release */ = {
			isa = XCBuildConfiguration;
			buildSettings = {
				ASSETCATALOG_COMPILER_APPICON_NAME = AppIcon;
				INFOPLIST_FILE = Twoter/Info.plist;
				LD_RUNPATH_SEARCH_PATHS = "$(inherited) @executable_path/Frameworks";
				PRODUCT_BUNDLE_IDENTIFIER = com.mysterycommand.Twoter;
				PRODUCT_NAME = "$(TARGET_NAME)";
			};
			name = Release;
		};
		847326201BB0AE0800C11873 /* Debug */ = {
			isa = XCBuildConfiguration;
			buildSettings = {
				BUNDLE_LOADER = "$(TEST_HOST)";
				INFOPLIST_FILE = TwoterTests/Info.plist;
				LD_RUNPATH_SEARCH_PATHS = "$(inherited) @executable_path/Frameworks @loader_path/Frameworks";
				PRODUCT_BUNDLE_IDENTIFIER = com.mysterycommand.TwoterTests;
				PRODUCT_NAME = "$(TARGET_NAME)";
				TEST_HOST = "$(BUILT_PRODUCTS_DIR)/Twoter.app/Twoter";
			};
			name = Debug;
		};
		847326211BB0AE0800C11873 /* Release */ = {
			isa = XCBuildConfiguration;
			buildSettings = {
				BUNDLE_LOADER = "$(TEST_HOST)";
				INFOPLIST_FILE = TwoterTests/Info.plist;
				LD_RUNPATH_SEARCH_PATHS = "$(inherited) @executable_path/Frameworks @loader_path/Frameworks";
				PRODUCT_BUNDLE_IDENTIFIER = com.mysterycommand.TwoterTests;
				PRODUCT_NAME = "$(TARGET_NAME)";
				TEST_HOST = "$(BUILT_PRODUCTS_DIR)/Twoter.app/Twoter";
			};
			name = Release;
		};
		847326231BB0AE0800C11873 /* Debug */ = {
			isa = XCBuildConfiguration;
			buildSettings = {
				INFOPLIST_FILE = TwoterUITests/Info.plist;
				LD_RUNPATH_SEARCH_PATHS = "$(inherited) @executable_path/Frameworks @loader_path/Frameworks";
				PRODUCT_BUNDLE_IDENTIFIER = com.mysterycommand.TwoterUITests;
				PRODUCT_NAME = "$(TARGET_NAME)";
				TEST_TARGET_NAME = Twoter;
				USES_XCTRUNNER = YES;
			};
			name = Debug;
		};
		847326241BB0AE0800C11873 /* Release */ = {
			isa = XCBuildConfiguration;
			buildSettings = {
				INFOPLIST_FILE = TwoterUITests/Info.plist;
				LD_RUNPATH_SEARCH_PATHS = "$(inherited) @executable_path/Frameworks @loader_path/Frameworks";
				PRODUCT_BUNDLE_IDENTIFIER = com.mysterycommand.TwoterUITests;
				PRODUCT_NAME = "$(TARGET_NAME)";
				TEST_TARGET_NAME = Twoter;
				USES_XCTRUNNER = YES;
			};
			name = Release;
		};
/* End XCBuildConfiguration section */

/* Begin XCConfigurationList section */
		847325EF1BB0AE0700C11873 /* Build configuration list for PBXProject "Twoter" */ = {
			isa = XCConfigurationList;
			buildConfigurations = (
				8473261A1BB0AE0800C11873 /* Debug */,
				8473261B1BB0AE0800C11873 /* Release */,
			);
			defaultConfigurationIsVisible = 0;
			defaultConfigurationName = Release;
		};
		8473261C1BB0AE0800C11873 /* Build configuration list for PBXNativeTarget "Twoter" */ = {
			isa = XCConfigurationList;
			buildConfigurations = (
				8473261D1BB0AE0800C11873 /* Debug */,
				8473261E1BB0AE0800C11873 /* Release */,
			);
			defaultConfigurationIsVisible = 0;
			defaultConfigurationName = Release;
		};
		8473261F1BB0AE0800C11873 /* Build configuration list for PBXNativeTarget "TwoterTests" */ = {
			isa = XCConfigurationList;
			buildConfigurations = (
				847326201BB0AE0800C11873 /* Debug */,
				847326211BB0AE0800C11873 /* Release */,
			);
			defaultConfigurationIsVisible = 0;
			defaultConfigurationName = Release;
		};
		847326221BB0AE0800C11873 /* Build configuration list for PBXNativeTarget "TwoterUITests" */ = {
			isa = XCConfigurationList;
			buildConfigurations = (
				847326231BB0AE0800C11873 /* Debug */,
				847326241BB0AE0800C11873 /* Release */,
			);
			defaultConfigurationIsVisible = 0;
			defaultConfigurationName = Release;
		};
/* End XCConfigurationList section */
	};
	rootObject = 847325EC1BB0AE0700C11873 /* Project object */;
}
